lockfileVersion: '9.0'

settings:
  autoInstallPeers: true
  excludeLinksFromLockfile: false

catalogs:
  default:
    '@types/node':
      specifier: 24.13.3
      version: 24.13.3
    oxlint:
      specifier: 1.79.0
      version: 1.79.0
    prettier:
      specifier: 3.9.6
      version: 3.9.6
    turbo:
      specifier: 2.10.10
      version: 2.10.10
    typescript:
      specifier: 6.0.2
      version: 6.0.2

importers:

  .:
    devDependencies:
      '@false-route/typescript-config':
        specifier: workspace:*
        version: link:packages/typescript-config
      '@types/node':
        specifier: 'catalog:'
        version: 24.13.3
      oxlint:
        specifier: 'catalog:'
        version: 1.79.0
      prettier:
        specifier: 'catalog:'
        version: 3.9.6
      turbo:
        specifier: 'catalog:'
        version: 2.10.10
      typescript:
        specifier: 'catalog:'
        version: 6.0.2

  packages/typescript-config: {}

packages:

  '@oxlint/binding-android-arm-eabi@1.79.0':
    resolution: {integrity: sha512-TebFaaMklO/RXzTv7PucaCq9l3X6D1gA+C8H6K4njtjFOV+zWE9MKLpulcJZN9bzytbUbQIY0mZuz12nQ5Kv4Q==}
    engines: {node: ^20.19.0 || >=22.12.0}
    cpu: [arm]
    os: [android]

  '@oxlint/binding-android-arm64@1.79.0':
    resolution: {integrity: sha512-KqqnOtAVgNsPPF0YSodkFZA1O80jcKoCZCTu3bgsszxA+MrMP9TLzfXitKjEj1FmrPprKDMdRDMmY3weESO9sg==}
    engines: {node: ^20.19.0 || >=22.12.0}
    cpu: [arm64]
    os: [android]

  '@oxlint/binding-darwin-arm64@1.79.0':
    resolution: {integrity: sha512-BVC2nsMzqQzRDPc5RhixkZ+m1p7iH4bxRRvqkbwDXX0PlQKm1BPy8J8cRjnAFafOq2QzI+BfO3vE8w2GZ3CBag==}
    engines: {node: ^20.19.0 || >=22.12.0}
    cpu: [arm64]
    os: [darwin]

  '@oxlint/binding-darwin-x64@1.79.0':
    resolution: {integrity: sha512-p6Lm+snmhGuLKL1+CpCV8L6ijkE/qJzK2H2jG9+eKJT0n31RbY4FLsdhexekgP3bLpw4Kgde+9DZuDZQ4yIInA==}
    engines: {node: ^20.19.0 || >=22.12.0}
    cpu: [x64]
    os: [darwin]

  '@oxlint/binding-freebsd-x64@1.79.0':
    resolution: {integrity: sha512-qDMm0dXZnoHyRqSL4N4xUq82T4sqK5cbKSjvd/dF/YbMUXc2R1wEPf+vmA5S0qUmi0nwXfNbjXBtZaIqzQLIMg==}
    engines: {node: ^20.19.0 || >=22.12.0}
    cpu: [x64]
    os: [freebsd]

  '@oxlint/binding-linux-arm-gnueabihf@1.79.0':
    resolution: {integrity: sha512-2od7s0nuKPzqyUZAWk9KkCyGg7eI9dwFPZg+20lB15fKFkVZ0c9ZFxqPfiBAyDTlTkh9stPI0t+JlPCqMbItVA==}
    engines: {node: ^20.19.0 || >=22.12.0}
    cpu: [arm]
    os: [linux]

  '@oxlint/binding-linux-arm-musleabihf@1.79.0':
    resolution: {integrity: sha512-ZOQUjkzDnvlhSE3+tWC3YXx94MMl+sYMlwH+u1+YGApGHOJP/YAc8ZBRFOXZ6eOBmxtXAWuS/fBcdZr8qqNO1A==}
    engines: {node: ^20.19.0 || >=22.12.0}
    cpu: [arm]
    os: [linux]

  '@oxlint/binding-linux-arm64-gnu@1.79.0':
    resolution: {integrity: sha512-lu158FR4nGqGeRS3BQvtG85wRgU/Fy4MD5Cxp1hzJXizGiLo6u2742wJSCDKh8cFcZntvX7fcxlq4mMmfryH1g==}
    engines: {node: ^20.19.0 || >=22.12.0}
    cpu: [arm64]
    os: [linux]
    libc: [glibc]

  '@oxlint/binding-linux-arm64-musl@1.79.0':
    resolution: {integrity: sha512-mbpKQeE2aflTjddaHK7MP8KP/OFbUM++lt5M635ENM8IyIdK0jm2t9pb+2v9mVVIvhF6TqA4l7F79Pll1mi+uw==}
    engines: {node: ^20.19.0 || >=22.12.0}
    cpu: [arm64]
    os: [linux]
    libc: [musl]

  '@oxlint/binding-linux-ppc64-gnu@1.79.0':
    resolution: {integrity: sha512-WpGNua7gaxaHnpSDeog2ji8IDHn/QLPl9LPzwkR/FvVv58vT5BcXjRXnU+wbu3N75cpeha8CdC7ho/U2OIsB4g==}
    engines: {node: ^20.19.0 || >=22.12.0}
    cpu: [ppc64]
    os: [linux]
    libc: [glibc]

  '@oxlint/binding-linux-riscv64-gnu@1.79.0':
    resolution: {integrity: sha512-tK1E93A5LVzISg4ngpKJnfTs7EqtIUceGI7MQ4GyDjJiLi8wPCkEyKlj2xkyKWZ1yzkDJyLHTBJ5/iFWRdnJvg==}
    engines: {node: ^20.19.0 || >=22.12.0}
    cpu: [riscv64]
    os: [linux]
    libc: [glibc]

  '@oxlint/binding-linux-riscv64-musl@1.79.0':
    resolution: {integrity: sha512-qhQvUIrngXivA2A9pQ+xPCychztn/5qUv7yS3gDwXv3w7Rag+eTeeXWmRyx+t7XsW5x6LuY/8AsTq36UgFIblg==}
    engines: {node: ^20.19.0 || >=22.12.0}
    cpu: [riscv64]
    os: [linux]
    libc: [musl]

  '@oxlint/binding-linux-s390x-gnu@1.79.0':
    resolution: {integrity: sha512-sv6AaVgU/eE6u+6WFiQVDcPPwTxP6IJMSB9k701W2r/r6Tx465e8vPvVyRxquNH4Vy6KwRNu90mVbxXJN8+5gg==}
    engines: {node: ^20.19.0 || >=22.12.0}
    cpu: [s390x]
    os: [linux]
    libc: [glibc]

  '@oxlint/binding-linux-x64-gnu@1.79.0':
    resolution: {integrity: sha512-iFZL02deziHslb3jEX9KdqlAkYoo4fGyotchKDzdfK1f5mxlIBeiQeHhvK3iFpuEJSB4ma/qeFn9oxPiwnhUPQ==}
    engines: {node: ^20.19.0 || >=22.12.0}
    cpu: [x64]
    os: [linux]
    libc: [glibc]

  '@oxlint/binding-linux-x64-musl@1.79.0':
    resolution: {integrity: sha512-3DtZR2raqObnh7wXZoFYFd0Fw7skBvcb3f7A+/lkEiDuh8hrE6vv9b/62Qxao1a9/OeHLw/FcXlXzgsW9wTRFg==}
    engines: {node: ^20.19.0 || >=22.12.0}
    cpu: [x64]
    os: [linux]
    libc: [musl]

  '@oxlint/binding-openharmony-arm64@1.79.0':
    resolution: {integrity: sha512-Oatt4GuA1WJkqzk2ozx4HrWROOi7opV3AKDw/U8qDIqeTqzsjn5K2x3REJMNjU3/KU/Bkq96Zi3CknaiDTaC/Q==}
    engines: {node: ^20.19.0 || >=22.12.0}
    cpu: [arm64]
    os: [openharmony]

  '@oxlint/binding-win32-arm64-msvc@1.79.0':
    resolution: {integrity: sha512-NAgZr9Qp8nIA9rpo0JEvwiabTF/2UVqBNnupBG9X4kxXcQoScJUTi+qHhvabb9s/thgj5wQ4XcIaJvb+ZMgoKw==}
    engines: {node: ^20.19.0 || >=22.12.0}
    cpu: [arm64]
    os: [win32]

  '@oxlint/binding-win32-ia32-msvc@1.79.0':
    resolution: {integrity: sha512-+KyXjIvcpaXmWW/j9NNY5yWjrIVxaX18VyIheQy3jwc2GSYgpCr7MGI/HxIGQ/shAL5IWEKbhsqoMpAO5Stiog==}
    engines: {node: ^20.19.0 || >=22.12.0}
    cpu: [ia32]
    os: [win32]

  '@oxlint/binding-win32-x64-msvc@1.79.0':
    resolution: {integrity: sha512-mEelcCMMBS57sIXh2veGMNy+pQwuGtcMxHxGIZWQ5Ba9pJ5jCCUFOZB9E2JhBaxGsURe+WGe0zJp4RVre52gpQ==}
    engines: {node: ^20.19.0 || >=22.12.0}
    cpu: [x64]
    os: [win32]

  '@turbo/darwin-64@2.10.10':
    resolution: {integrity: sha512-gFDD+wRP5hWxBRghGyEbjpbLOY7aIU/wvsnKdMM7odQcp/wHMrnI83p0FyxxMRZnFH9ZD+S59MvcpOC5b+nrCA==}
    cpu: [x64]
    os: [darwin]

  '@turbo/darwin-arm64@2.10.10':
    resolution: {integrity: sha512-VZYsxZ6yjyDosUqtiroAVSXPLmx/qBxdHJgIxdMH9RyNmLdOLOWtJnYMnI4qckwCgQMK85G3fu94/xk5+iBCgw==}
    cpu: [arm64]
    os: [darwin]

  '@turbo/linux-64@2.10.10':
    resolution: {integrity: sha512-lAvW+yEnmsCKMEIwNugjozawvYytHKPhU0kfLBizu83MIs8OUb9KobYvkZ56L5akSM6K7+gBFLEIfQkaceh90g==}
    cpu: [x64]
    os: [android, linux]

  '@turbo/linux-arm64@2.10.10':
    resolution: {integrity: sha512-MSJ+NkRTd79Z9+YEZpUV9VOWVOOigFhE+v/ETNYJEuTJp3r00y9YgFvDXrmM+DP8Kal6tk3U6xSugD2/Ojh+Jg==}
    cpu: [arm64]
    os: [android, linux]

  '@turbo/windows-64@2.10.10':
    resolution: {integrity: sha512-ycWpXDkUfnDFDY9d+4Qna/UZotDB0wj+s9agrlmNt0Q7a3XHORhK8GPKJdzgzeutXu9EW5P/jyabTEHlohuDXw==}
    cpu: [x64]
    os: [win32]

  '@turbo/windows-arm64@2.10.10':
    resolution: {integrity: sha512-PMk6zQN0csUFklLe+1hz/5G9uU1YmV0cEIey2R/bSeA6o69qcBTlN4A3jOqkgenOO5dOpMHmq2sEUZo8r1+Ssg==}
    cpu: [arm64]
    os: [win32]

  '@types/node@24.13.3':
    resolution: {integrity: sha512-Dh8vAsV36ig5wa9OX4pXvMc9D3Veibfw2wix0CUwYODLD8nkj9UsLjASr49nPg+2eKzxhBV+v7L8pXvT4e639Q==}

  oxlint@1.79.0:
    resolution: {integrity: sha512-hVJ9hq9m2unPS+Of4eJJgCPdIeCC+3DHEUX3tkmrPJr3OK2hz7PhXwgC+ZP71ZcYu8cCDEtQrqLxWNvxBppBVg==}
    engines: {node: ^20.19.0 || >=22.12.0}
    hasBin: true
    peerDependencies:
      oxlint-tsgolint: '>=7.0.2001'
      vite-plus: '*'
    peerDependenciesMeta:
      oxlint-tsgolint:
        optional: true
      vite-plus:
        optional: true

  prettier@3.9.6:
    resolution: {integrity: sha512-OpN0zzVdiaiAhxpuuj5efpIS4sY9j7bY6uR5mnj5yPzGkdkjNKSJeUThPb60Jw29QuAZgA4o+/iB49kFiaBX6g==}
    engines: {node: '>=14'}
    hasBin: true

  turbo@2.10.10:
    resolution: {integrity: sha512-/90KTW+USzvYOPmafRZHVKLBsHXQ5810Ao/HdtJYAqguIhZ+XruS6eIUjqJUDtrSxaZYynNFht68qckGKAOWTA==}
    hasBin: true

  typescript@6.0.2:
    resolution: {integrity: sha512-bGdAIrZ0wiGDo5l8c++HWtbaNCWTS4UTv7RaTH/ThVIgjkveJt83m74bBHMJkuCbslY8ixgLBVZJIOiQlQTjfQ==}
    engines: {node: '>=14.17'}
    hasBin: true

  undici-types@7.18.2:
    resolution: {integrity: sha512-AsuCzffGHJybSaRrmr5eHr81mwJU3kjw6M+uprWvCXiNeN9SOGwQ3Jn8jb8m3Z6izVgknn1R0FTCEAP2QrLY/w==}

snapshots:

  '@oxlint/binding-android-arm-eabi@1.79.0':
    optional: true

  '@oxlint/binding-android-arm64@1.79.0':
    optional: true

  '@oxlint/binding-darwin-arm64@1.79.0':
    optional: true

  '@oxlint/binding-darwin-x64@1.79.0':
    optional: true

  '@oxlint/binding-freebsd-x64@1.79.0':
    optional: true

  '@oxlint/binding-linux-arm-gnueabihf@1.79.0':
    optional: true

  '@oxlint/binding-linux-arm-musleabihf@1.79.0':
    optional: true

  '@oxlint/binding-linux-arm64-gnu@1.79.0':
    optional: true

  '@oxlint/binding-linux-arm64-musl@1.79.0':
    optional: true

  '@oxlint/binding-linux-ppc64-gnu@1.79.0':
    optional: true

  '@oxlint/binding-linux-riscv64-gnu@1.79.0':
    optional: true

  '@oxlint/binding-linux-riscv64-musl@1.79.0':
    optional: true

  '@oxlint/binding-linux-s390x-gnu@1.79.0':
    optional: true

  '@oxlint/binding-linux-x64-gnu@1.79.0':
    optional: true

  '@oxlint/binding-linux-x64-musl@1.79.0':
    optional: true

  '@oxlint/binding-openharmony-arm64@1.79.0':
    optional: true

  '@oxlint/binding-win32-arm64-msvc@1.79.0':
    optional: true

  '@oxlint/binding-win32-ia32-msvc@1.79.0':
    optional: true

  '@oxlint/binding-win32-x64-msvc@1.79.0':
    optional: true

  '@turbo/darwin-64@2.10.10':
    optional: true

  '@turbo/darwin-arm64@2.10.10':
    optional: true

  '@turbo/linux-64@2.10.10':
    optional: true

  '@turbo/linux-arm64@2.10.10':
    optional: true

  '@turbo/windows-64@2.10.10':
    optional: true

  '@turbo/windows-arm64@2.10.10':
    optional: true

  '@types/node@24.13.3':
    dependencies:
      undici-types: 7.18.2

  oxlint@1.79.0:
    optionalDependencies:
      '@oxlint/binding-android-arm-eabi': 1.79.0
      '@oxlint/binding-android-arm64': 1.79.0
      '@oxlint/binding-darwin-arm64': 1.79.0
      '@oxlint/binding-darwin-x64': 1.79.0
      '@oxlint/binding-freebsd-x64': 1.79.0
      '@oxlint/binding-linux-arm-gnueabihf': 1.79.0
      '@oxlint/binding-linux-arm-musleabihf': 1.79.0
      '@oxlint/binding-linux-arm64-gnu': 1.79.0
      '@oxlint/binding-linux-arm64-musl': 1.79.0
      '@oxlint/binding-linux-ppc64-gnu': 1.79.0
      '@oxlint/binding-linux-riscv64-gnu': 1.79.0
      '@oxlint/binding-linux-riscv64-musl': 1.79.0
      '@oxlint/binding-linux-s390x-gnu': 1.79.0
      '@oxlint/binding-linux-x64-gnu': 1.79.0
      '@oxlint/binding-linux-x64-musl': 1.79.0
      '@oxlint/binding-openharmony-arm64': 1.79.0
      '@oxlint/binding-win32-arm64-msvc': 1.79.0
      '@oxlint/binding-win32-ia32-msvc': 1.79.0
      '@oxlint/binding-win32-x64-msvc': 1.79.0

  prettier@3.9.6: {}

  turbo@2.10.10:
    optionalDependencies:
      '@turbo/darwin-64': 2.10.10
      '@turbo/darwin-arm64': 2.10.10
      '@turbo/linux-64': 2.10.10
      '@turbo/linux-arm64': 2.10.10
      '@turbo/windows-64': 2.10.10
      '@turbo/windows-arm64': 2.10.10

  typescript@6.0.2: {}

  undici-types@7.18.2: {}
